
Microsoft Visual Studio Solution File, Format Version 12.00
# Visual Studio 15
VisualStudioVersion = 15.0.28010.0
MinimumVisualStudioVersion = 10.0.40219.1
Project("{9A19103F-16F7-4668-BE54-9A1E7A4F7556}") = "User.API", "User.API\User.API.csproj", "{E2491DCB-1EAA-4208-BE25-F1F4004E004F}"
EndProject
Project("{2150E333-8FDC-42A3-9474-1A3956D46DE8}") = "Tests", "Tests", "{05C84C67-E564-4541-9A06-6460F1444064}"
EndProject
Project("{9A19103F-16F7-4668-BE54-9A1E7A4F7556}") = "User.API.UnitTest", "User.API.UnitTest\User.API.UnitTest.csproj", "{8A4271CD-919F-49FD-9012-07282E640139}"
EndProject
Project("{9A19103F-16F7-4668-BE54-9A1E7A4F7556}") = "User.Identity", "User.Identity\User.Identity.csproj", "{5F4D4225-9B4F-41FC-B46E-E484B3A8731A}"
EndProject
Project("{2150E333-8FDC-42A3-9474-1A3956D46DE8}") = "BuildingBlocks", "BuildingBlocks", "{2A592BFB-2376-4F70-8529-488448CB0704}"
EndProject
Project("{9A19103F-16F7-4668-BE54-9A1E7A4F7556}") = "Resilience", "Resilience\Resilience.csproj", "{79F97163-DD6F-4C51-B8F6-280CC92FC1F1}"
EndProject
Project("{9A19103F-16F7-4668-BE54-9A1E7A4F7556}") = "Contact.API", "Contact.API\Contact.API.csproj", "{82F2DBCD-4399-4449-A778-8AE40BFC2F7B}"
EndProject
Project("{9A19103F-16F7-4668-BE54-9A1E7A4F7556}") = "Gateway.API", "Gateway.API\Gateway.API.csproj", "{2EEE65DA-43A2-432A-9EDA-421A11DF25CB}"
EndProject
Project("{2150E333-8FDC-42A3-9474-1A3956D46DE8}") = "Project", "Project", "{CED42A80-E04B-4685-864A-25051DDDFF22}"
EndProject
Project("{FAE04EC0-301F-11D3-BF4B-00C04F79EFBC}") = "Project.API", "Project.API\Project.API.csproj", "{65E5298A-3F09-49C9-82A2-3F3F27E33D46}"
EndProject
Project("{FAE04EC0-301F-11D3-BF4B-00C04F79EFBC}") = "Project.Domain", "Project.Domain\Project.Domain.csproj", "{82609303-015E-4932-93A9-340015FFEC78}"
EndProject
Project("{FAE04EC0-301F-11D3-BF4B-00C04F79EFBC}") = "Project.Infrastructure", "Project.Infrastructure\Project.Infrastructure.csproj", "{9FBAF830-4D5E-4103-9C25-F81610F55976}"
EndProject
Global
	GlobalSection(SolutionConfigurationPlatforms) = preSolution
		Debug|Any CPU = Debug|Any CPU
		Release|Any CPU = Release|Any CPU
	EndGlobalSection
	GlobalSection(ProjectConfigurationPlatforms) = postSolution
		{E2491DCB-1EAA-4208-BE25-F1F4004E004F}.Debug|Any CPU.ActiveCfg = Debug|Any CPU
		{E2491DCB-1EAA-4208-BE25-F1F4004E004F}.Debug|Any CPU.Build.0 = Debug|Any CPU
		{E2491DCB-1EAA-4208-BE25-F1F4004E004F}.Release|Any CPU.ActiveCfg = Release|Any CPU
		{E2491DCB-1EAA-4208-BE25-F1F4004E004F}.Release|Any CPU.Build.0 = Release|Any CPU
		{8A4271CD-919F-49FD-9012-07282E640139}.Debug|Any CPU.ActiveCfg = Debug|Any CPU
		{8A4271CD-919F-49FD-9012-07282E640139}.Debug|Any CPU.Build.0 = Debug|Any CPU
		{8A4271CD-919F-49FD-9012-07282E640139}.Release|Any CPU.ActiveCfg = Release|Any CPU
		{8A4271CD-919F-49FD-9012-07282E640139}.Release|Any CPU.Build.0 = Release|Any CPU
		{5F4D4225-9B4F-41FC-B46E-E484B3A8731A}.Debug|Any CPU.ActiveCfg = Debug|Any CPU
		{5F4D4225-9B4F-41FC-B46E-E484B3A8731A}.Debug|Any CPU.Build.0 = Debug|Any CPU
		{5F4D4225-9B4F-41FC-B46E-E484B3A8731A}.Release|Any CPU.ActiveCfg = Release|Any CPU
		{5F4D4225-9B4F-41FC-B46E-E484B3A8731A}.Release|Any CPU.Build.0 = Release|Any CPU
		{79F97163-DD6F-4C51-B8F6-280CC92FC1F1}.Debug|Any CPU.ActiveCfg = Debug|Any CPU
		{79F97163-DD6F-4C51-B8F6-280CC92FC1F1}.Debug|Any CPU.Build.0 = Debug|Any CPU
		{79F97163-DD6F-4C51-B8F6-280CC92FC1F1}.Release|Any CPU.ActiveCfg = Release|Any CPU
		{79F97163-DD6F-4C51-B8F6-280CC92FC1F1}.Release|Any CPU.Build.0 = Release|Any CPU
		{82F2DBCD-4399-4449-A778-8AE40BFC2F7B}.Debug|Any CPU.ActiveCfg = Debug|Any CPU
		{82F2DBCD-4399-4449-A778-8AE40BFC2F7B}.Debug|Any CPU.Build.0 = Debug|Any CPU
		{82F2DBCD-4399-4449-A778-8AE40BFC2F7B}.Release|Any CPU.ActiveCfg = Release|Any CPU
		{82F2DBCD-4399-4449-A778-8AE40BFC2F7B}.Release|Any CPU.Build.0 = Release|Any CPU
		{2EEE65DA-43A2-432A-9EDA-421A11DF25CB}.Debug|Any CPU.ActiveCfg = Debug|Any CPU
		{2EEE65DA-43A2-432A-9EDA-421A11DF25CB}.Debug|Any CPU.Build.0 = Debug|Any CPU
		{2EEE65DA-43A2-432A-9EDA-421A11DF25CB}.Release|Any CPU.ActiveCfg = Release|Any CPU
		{2EEE65DA-43A2-432A-9EDA-421A11DF25CB}.Release|Any CPU.Build.0 = Release|Any CPU
		{65E5298A-3F09-49C9-82A2-3F3F27E33D46}.Debug|Any CPU.ActiveCfg = Debug|Any CPU
		{65E5298A-3F09-49C9-82A2-3F3F27E33D46}.Debug|Any CPU.Build.0 = Debug|Any CPU
		{65E5298A-3F09-49C9-82A2-3F3F27E33D46}.Release|Any CPU.ActiveCfg = Release|Any CPU
		{65E5298A-3F09-49C9-82A2-3F3F27E33D46}.Release|Any CPU.Build.0 = Release|Any CPU
		{82609303-015E-4932-93A9-340015FFEC78}.Debug|Any CPU.ActiveCfg = Debug|Any CPU
		{82609303-015E-4932-93A9-340015FFEC78}.Debug|Any CPU.Build.0 = Debug|Any CPU
		{82609303-015E-4932-93A9-340015FFEC78}.Release|Any CPU.ActiveCfg = Release|Any CPU
		{82609303-015E-4932-93A9-340015FFEC78}.Release|Any CPU.Build.0 = Release|Any CPU
		{9FBAF830-4D5E-4103-9C25-F81610F55976}.Debug|Any CPU.ActiveCfg = Debug|Any CPU
		{9FBAF830-4D5E-4103-9C25-F81610F55976}.Debug|Any CPU.Build.0 = Debug|Any CPU
		{9FBAF830-4D5E-4103-9C25-F81610F55976}.Release|Any CPU.ActiveCfg = Release|Any CPU
		{9FBAF830-4D5E-4103-9C25-F81610F55976}.Release|Any CPU.Build.0 = Release|Any CPU
	EndGlobalSection
	GlobalSection(SolutionProperties) = preSolution
		HideSolutionNode = FALSE
	EndGlobalSection
	GlobalSection(NestedProjects) = preSolution
		{8A4271CD-919F-49FD-9012-07282E640139} = {05C84C67-E564-4541-9A06-6460F1444064}
		{79F97163-DD6F-4C51-B8F6-280CC92FC1F1} = {2A592BFB-2376-4F70-8529-488448CB0704}
		{65E5298A-3F09-49C9-82A2-3F3F27E33D46} = {CED42A80-E04B-4685-864A-25051DDDFF22}
		{82609303-015E-4932-93A9-340015FFEC78} = {CED42A80-E04B-4685-864A-25051DDDFF22}
		{9FBAF830-4D5E-4103-9C25-F81610F55976} = {CED42A80-E04B-4685-864A-25051DDDFF22}
	EndGlobalSection
	GlobalSection(ExtensibilityGlobals) = postSolution
		SolutionGuid = {21B8D1D9-2C12-4A37-A0EC-5CC917B8C544}
	EndGlobalSection
EndGlobal
