
Microsoft Visual Studio Solution File, Format Version 12.00
# Visual Studio 15
VisualStudioVersion = 15.0.28010.0
MinimumVisualStudioVersion = 10.0.40219.1
Project("{9A19103F-16F7-4668-BE54-9A1E7A4F7556}") = "User.API", "User.API\User.API.csproj", "{E2491DCB-1EAA-4208-BE25-F1F4004E004F}"
EndProject
Project("{2150E333-8FDC-42A3-9474-1A3956D46DE8}") = "Tests", "Tests", "{05C84C67-E564-4541-9A06-6460F1444064}"
EndProject
Project("{9A19103F-16F7-4668-BE54-9A1E7A4F7556}") = "User.API.UnitTest", "User.API.UnitTest\User.API.UnitTest.csproj", "{8A4271CD-919F-49FD-9012-07282E640139}"
EndProject
Project("{9A19103F-16F7-4668-BE54-9A1E7A4F7556}") = "User.Identity", "User.Identity\User.Identity.csproj", "{5F4D4225-9B4F-41FC-B46E-E484B3A8731A}"
EndProject
Project("{9A19103F-16F7-4668-BE54-9A1E7A4F7556}") = "Gateway.API", "API.Gateway\Gateway.API.csproj", "{8DF5703D-CAE6-4993-A90B-6AC0C686CB5F}"
EndProject
Global
	GlobalSection(SolutionConfigurationPlatforms) = preSolution
		Debug|Any CPU = Debug|Any CPU
		Release|Any CPU = Release|Any CPU
	EndGlobalSection
	GlobalSection(ProjectConfigurationPlatforms) = postSolution
		{E2491DCB-1EAA-4208-BE25-F1F4004E004F}.Debug|Any CPU.ActiveCfg = Debug|Any CPU
		{E2491DCB-1EAA-4208-BE25-F1F4004E004F}.Debug|Any CPU.Build.0 = Debug|Any CPU
		{E2491DCB-1EAA-4208-BE25-F1F4004E004F}.Release|Any CPU.ActiveCfg = Release|Any CPU
		{E2491DCB-1EAA-4208-BE25-F1F4004E004F}.Release|Any CPU.Build.0 = Release|Any CPU
		{8A4271CD-919F-49FD-9012-07282E640139}.Debug|Any CPU.ActiveCfg = Debug|Any CPU
		{8A4271CD-919F-49FD-9012-07282E640139}.Debug|Any CPU.Build.0 = Debug|Any CPU
		{8A4271CD-919F-49FD-9012-07282E640139}.Release|Any CPU.ActiveCfg = Release|Any CPU
		{8A4271CD-919F-49FD-9012-07282E640139}.Release|Any CPU.Build.0 = Release|Any CPU
		{5F4D4225-9B4F-41FC-B46E-E484B3A8731A}.Debug|Any CPU.ActiveCfg = Debug|Any CPU
		{5F4D4225-9B4F-41FC-B46E-E484B3A8731A}.Debug|Any CPU.Build.0 = Debug|Any CPU
		{5F4D4225-9B4F-41FC-B46E-E484B3A8731A}.Release|Any CPU.ActiveCfg = Release|Any CPU
		{5F4D4225-9B4F-41FC-B46E-E484B3A8731A}.Release|Any CPU.Build.0 = Release|Any CPU
		{8DF5703D-CAE6-4993-A90B-6AC0C686CB5F}.Debug|Any CPU.ActiveCfg = Debug|Any CPU
		{8DF5703D-CAE6-4993-A90B-6AC0C686CB5F}.Debug|Any CPU.Build.0 = Debug|Any CPU
		{8DF5703D-CAE6-4993-A90B-6AC0C686CB5F}.Release|Any CPU.ActiveCfg = Release|Any CPU
		{8DF5703D-CAE6-4993-A90B-6AC0C686CB5F}.Release|Any CPU.Build.0 = Release|Any CPU
	EndGlobalSection
	GlobalSection(SolutionProperties) = preSolution
		HideSolutionNode = FALSE
	EndGlobalSection
	GlobalSection(NestedProjects) = preSolution
		{8A4271CD-919F-49FD-9012-07282E640139} = {05C84C67-E564-4541-9A06-6460F1444064}
	EndGlobalSection
	GlobalSection(ExtensibilityGlobals) = postSolution
		SolutionGuid = {21B8D1D9-2C12-4A37-A0EC-5CC917B8C544}
	EndGlobalSection
EndGlobal
